
Microsoft Visual Studio Solution File, Format Version 12.00
# Visual Studio Version 17
VisualStudioVersion = 17.12.35527.113
MinimumVisualStudioVersion = 10.0.40219.1
Project("{FAE04EC0-301F-11D3-BF4B-00C04F79EFBC}") = "Practice", "Practice\Practice.csproj", "{369B18F3-6F5C-44DF-B2C6-EB645B870969}"
EndProject
Project("{FAE04EC0-301F-11D3-BF4B-00C04F79EFBC}") = "Services", "Services\Services.csproj", "{76E18379-CEDE-4EC8-8267-9B5E54841030}"
EndProject
Project("{FAE04EC0-301F-11D3-BF4B-00C04F79EFBC}") = "Application.Services", "Application.Services\Application.Services.csproj", "{4D92EAFA-7BBC-4E69-9969-B81AD53D0EBF}"
EndProject
Project("{FAE04EC0-301F-11D3-BF4B-00C04F79EFBC}") = "Domain.Models", "Domain.Models\Domain.Models.csproj", "{153A8A17-FE2E-4F2F-A588-2CB4C03726C2}"
EndProject
Project("{FAE04EC0-301F-11D3-BF4B-00C04F79EFBC}") = "Domain.ViewModels", "Domain.ViewModels\Domain.ViewModels.csproj", "{721F2227-53E3-442F-883D-A6C744104AD8}"
EndProject
Project("{FAE04EC0-301F-11D3-BF4B-00C04F79EFBC}") = "Infras", "Infras\Infras.csproj", "{576146AC-9632-4F92-8D69-ACA10F3E8A52}"
EndProject
Project("{FAE04EC0-301F-11D3-BF4B-00C04F79EFBC}") = "Report", "Report\Report.csproj", "{5966D684-6178-4967-8E96-4D123FAE5833}"
EndProject
Project("{FAE04EC0-301F-11D3-BF4B-00C04F79EFBC}") = "Application.Models", "Application.Models\Application.Models.csproj", "{621B00DB-460A-48D1-8D80-6E1409980381}"
EndProject
Project("{FAE04EC0-301F-11D3-BF4B-00C04F79EFBC}") = "Infrastructure.DAL", "Infrastrcture.DAL\Infrastructure.DAL.csproj", "{C7A41063-7317-444A-9221-C0EA9B2F2EB2}"
EndProject
Project("{FAE04EC0-301F-11D3-BF4B-00C04F79EFBC}") = "Kido.Domain", "Kido.Domain\Kido.Domain.csproj", "{0AFDCA1B-D543-4497-91A4-09CE4806FBF4}"
EndProject
Global
	GlobalSection(SolutionConfigurationPlatforms) = preSolution
		Debug|Any CPU = Debug|Any CPU
		Release|Any CPU = Release|Any CPU
	EndGlobalSection
	GlobalSection(ProjectConfigurationPlatforms) = postSolution
		{369B18F3-6F5C-44DF-B2C6-EB645B870969}.Debug|Any CPU.ActiveCfg = Debug|Any CPU
		{369B18F3-6F5C-44DF-B2C6-EB645B870969}.Debug|Any CPU.Build.0 = Debug|Any CPU
		{369B18F3-6F5C-44DF-B2C6-EB645B870969}.Release|Any CPU.ActiveCfg = Release|Any CPU
		{369B18F3-6F5C-44DF-B2C6-EB645B870969}.Release|Any CPU.Build.0 = Release|Any CPU
		{76E18379-CEDE-4EC8-8267-9B5E54841030}.Debug|Any CPU.ActiveCfg = Debug|Any CPU
		{76E18379-CEDE-4EC8-8267-9B5E54841030}.Debug|Any CPU.Build.0 = Debug|Any CPU
		{76E18379-CEDE-4EC8-8267-9B5E54841030}.Release|Any CPU.ActiveCfg = Release|Any CPU
		{76E18379-CEDE-4EC8-8267-9B5E54841030}.Release|Any CPU.Build.0 = Release|Any CPU
		{4D92EAFA-7BBC-4E69-9969-B81AD53D0EBF}.Debug|Any CPU.ActiveCfg = Debug|Any CPU
		{4D92EAFA-7BBC-4E69-9969-B81AD53D0EBF}.Debug|Any CPU.Build.0 = Debug|Any CPU
		{4D92EAFA-7BBC-4E69-9969-B81AD53D0EBF}.Release|Any CPU.ActiveCfg = Release|Any CPU
		{4D92EAFA-7BBC-4E69-9969-B81AD53D0EBF}.Release|Any CPU.Build.0 = Release|Any CPU
		{153A8A17-FE2E-4F2F-A588-2CB4C03726C2}.Debug|Any CPU.ActiveCfg = Debug|Any CPU
		{153A8A17-FE2E-4F2F-A588-2CB4C03726C2}.Debug|Any CPU.Build.0 = Debug|Any CPU
		{153A8A17-FE2E-4F2F-A588-2CB4C03726C2}.Release|Any CPU.ActiveCfg = Release|Any CPU
		{153A8A17-FE2E-4F2F-A588-2CB4C03726C2}.Release|Any CPU.Build.0 = Release|Any CPU
		{721F2227-53E3-442F-883D-A6C744104AD8}.Debug|Any CPU.ActiveCfg = Debug|Any CPU
		{721F2227-53E3-442F-883D-A6C744104AD8}.Debug|Any CPU.Build.0 = Debug|Any CPU
		{721F2227-53E3-442F-883D-A6C744104AD8}.Release|Any CPU.ActiveCfg = Release|Any CPU
		{721F2227-53E3-442F-883D-A6C744104AD8}.Release|Any CPU.Build.0 = Release|Any CPU
		{576146AC-9632-4F92-8D69-ACA10F3E8A52}.Debug|Any CPU.ActiveCfg = Debug|Any CPU
		{576146AC-9632-4F92-8D69-ACA10F3E8A52}.Debug|Any CPU.Build.0 = Debug|Any CPU
		{576146AC-9632-4F92-8D69-ACA10F3E8A52}.Release|Any CPU.ActiveCfg = Release|Any CPU
		{576146AC-9632-4F92-8D69-ACA10F3E8A52}.Release|Any CPU.Build.0 = Release|Any CPU
		{5966D684-6178-4967-8E96-4D123FAE5833}.Debug|Any CPU.ActiveCfg = Debug|Any CPU
		{5966D684-6178-4967-8E96-4D123FAE5833}.Debug|Any CPU.Build.0 = Debug|Any CPU
		{5966D684-6178-4967-8E96-4D123FAE5833}.Release|Any CPU.ActiveCfg = Release|Any CPU
		{5966D684-6178-4967-8E96-4D123FAE5833}.Release|Any CPU.Build.0 = Release|Any CPU
		{621B00DB-460A-48D1-8D80-6E1409980381}.Debug|Any CPU.ActiveCfg = Debug|Any CPU
		{621B00DB-460A-48D1-8D80-6E1409980381}.Debug|Any CPU.Build.0 = Debug|Any CPU
		{621B00DB-460A-48D1-8D80-6E1409980381}.Release|Any CPU.ActiveCfg = Release|Any CPU
		{621B00DB-460A-48D1-8D80-6E1409980381}.Release|Any CPU.Build.0 = Release|Any CPU
		{C7A41063-7317-444A-9221-C0EA9B2F2EB2}.Debug|Any CPU.ActiveCfg = Debug|Any CPU
		{C7A41063-7317-444A-9221-C0EA9B2F2EB2}.Debug|Any CPU.Build.0 = Debug|Any CPU
		{C7A41063-7317-444A-9221-C0EA9B2F2EB2}.Release|Any CPU.ActiveCfg = Release|Any CPU
		{C7A41063-7317-444A-9221-C0EA9B2F2EB2}.Release|Any CPU.Build.0 = Release|Any CPU
		{0AFDCA1B-D543-4497-91A4-09CE4806FBF4}.Debug|Any CPU.ActiveCfg = Debug|Any CPU
		{0AFDCA1B-D543-4497-91A4-09CE4806FBF4}.Debug|Any CPU.Build.0 = Debug|Any CPU
		{0AFDCA1B-D543-4497-91A4-09CE4806FBF4}.Release|Any CPU.ActiveCfg = Release|Any CPU
		{0AFDCA1B-D543-4497-91A4-09CE4806FBF4}.Release|Any CPU.Build.0 = Release|Any CPU
	EndGlobalSection
	GlobalSection(SolutionProperties) = preSolution
		HideSolutionNode = FALSE
	EndGlobalSection
EndGlobal
